
Microsoft Visual Studio Solution File, Format Version 12.00
# Visual Studio Version 16
VisualStudioVersion = 16.0.31205.134
MinimumVisualStudioVersion = 10.0.40219.1
Project("{FAE04EC0-301F-11D3-BF4B-00C04F79EFBC}") = "GrpcGreeterClient", "GrpcGreeterClient\GrpcGreeterClient.csproj", "{73A46F72-67AA-4BC6-A22A-EB91EB7718E6}"
EndProject
Global
	GlobalSection(SolutionConfigurationPlatforms) = preSolution
		Debug|Any CPU = Debug|Any CPU
		Release|Any CPU = Release|Any CPU
	EndGlobalSection
	GlobalSection(ProjectConfigurationPlatforms) = postSolution
		{73A46F72-67AA-4BC6-A22A-EB91EB7718E6}.Debug|Any CPU.ActiveCfg = Debug|Any CPU
		{73A46F72-67AA-4BC6-A22A-EB91EB7718E6}.Debug|Any CPU.Build.0 = Debug|Any CPU
		{73A46F72-67AA-4BC6-A22A-EB91EB7718E6}.Release|Any CPU.ActiveCfg = Release|Any CPU
		{73A46F72-67AA-4BC6-A22A-EB91EB7718E6}.Release|Any CPU.Build.0 = Release|Any CPU
	EndGlobalSection
	GlobalSection(SolutionProperties) = preSolution
		HideSolutionNode = FALSE
	EndGlobalSection
	GlobalSection(ExtensibilityGlobals) = postSolution
		SolutionGuid = {7769B672-980A-49B9-BEC9-84F735E93570}
	EndGlobalSection
EndGlobal
